
Microsoft Visual Studio Solution File, Format Version 12.00
# Visual Studio Version 17
VisualStudioVersion = 17.14.36301.6
MinimumVisualStudioVersion = 10.0.40219.1
Project("{FAE04EC0-301F-11D3-BF4B-00C04F79EFBC}") = "BookmarkSite", "BookmarkSite.csproj", "{75D884E5-AC23-486B-895A-A0DFD8796496}"
EndProject
Global
	GlobalSection(SolutionConfigurationPlatforms) = preSolution
		Debug|Any CPU = Debug|Any CPU
		Release|Any CPU = Release|Any CPU
	EndGlobalSection
	GlobalSection(ProjectConfigurationPlatforms) = postSolution
		{75D884E5-AC23-486B-895A-A0DFD8796496}.Debug|Any CPU.ActiveCfg = Debug|Any CPU
		{75D884E5-AC23-486B-895A-A0DFD8796496}.Debug|Any CPU.Build.0 = Debug|Any CPU
		{75D884E5-AC23-486B-895A-A0DFD8796496}.Release|Any CPU.ActiveCfg = Release|Any CPU
		{75D884E5-AC23-486B-895A-A0DFD8796496}.Release|Any CPU.Build.0 = Release|Any CPU
	EndGlobalSection
	GlobalSection(SolutionProperties) = preSolution
		HideSolutionNode = FALSE
	EndGlobalSection
	GlobalSection(ExtensibilityGlobals) = postSolution
		SolutionGuid = {7159E326-CE05-42EE-8D05-A3355C5681C3}
	EndGlobalSection
EndGlobal
